
Microsoft Visual Studio Solution File, Format Version 12.00
# Visual Studio Version 17
VisualStudioVersion = 17.4.33213.308
MinimumVisualStudioVersion = 10.0.40219.1
Project("{FAE04EC0-301F-11D3-BF4B-00C04F79EFBC}") = "Price_Checker_API", "Price_Checker_API\Price_Checker_API.csproj", "{17BB2DA3-F65C-446F-8F52-1FA66824CD5B}"
EndProject
Global
	GlobalSection(SolutionConfigurationPlatforms) = preSolution
		Debug|Any CPU = Debug|Any CPU
		Release|Any CPU = Release|Any CPU
	EndGlobalSection
	GlobalSection(ProjectConfigurationPlatforms) = postSolution
		{17BB2DA3-F65C-446F-8F52-1FA66824CD5B}.Debug|Any CPU.ActiveCfg = Debug|Any CPU
		{17BB2DA3-F65C-446F-8F52-1FA66824CD5B}.Debug|Any CPU.Build.0 = Debug|Any CPU
		{17BB2DA3-F65C-446F-8F52-1FA66824CD5B}.Release|Any CPU.ActiveCfg = Release|Any CPU
		{17BB2DA3-F65C-446F-8F52-1FA66824CD5B}.Release|Any CPU.Build.0 = Release|Any CPU
	EndGlobalSection
	GlobalSection(SolutionProperties) = preSolution
		HideSolutionNode = FALSE
	EndGlobalSection
	GlobalSection(ExtensibilityGlobals) = postSolution
		SolutionGuid = {79F0FE03-3B13-45EB-AA38-A4E8B5D567CA}
	EndGlobalSection
EndGlobal
